
Microsoft Visual Studio Solution File, Format Version 12.00
# Visual Studio 15
VisualStudioVersion = 15.0.28307.1622
MinimumVisualStudioVersion = 10.0.40219.1
Project("{8BC9CEB8-8B4A-11D0-8D11-00A0C91BC942}") = "POINT CLOUD PROCESS - 1", "POINT CLOUD PROCESS - 1\POINT CLOUD PROCESS - 1.vcxproj", "{3BA4FFB6-7FBE-4A05-A620-8A1FE6CA3DDA}"
EndProject
Global
	GlobalSection(SolutionConfigurationPlatforms) = preSolution
		Debug|x64 = Debug|x64
		Debug|x86 = Debug|x86
		Release|x64 = Release|x64
		Release|x86 = Release|x86
	EndGlobalSection
	GlobalSection(ProjectConfigurationPlatforms) = postSolution
		{3BA4FFB6-7FBE-4A05-A620-8A1FE6CA3DDA}.Debug|x64.ActiveCfg = Debug|x64
		{3BA4FFB6-7FBE-4A05-A620-8A1FE6CA3DDA}.Debug|x64.Build.0 = Debug|x64
		{3BA4FFB6-7FBE-4A05-A620-8A1FE6CA3DDA}.Debug|x86.ActiveCfg = Debug|Win32
		{3BA4FFB6-7FBE-4A05-A620-8A1FE6CA3DDA}.Debug|x86.Build.0 = Debug|Win32
		{3BA4FFB6-7FBE-4A05-A620-8A1FE6CA3DDA}.Release|x64.ActiveCfg = Release|x64
		{3BA4FFB6-7FBE-4A05-A620-8A1FE6CA3DDA}.Release|x64.Build.0 = Release|x64
		{3BA4FFB6-7FBE-4A05-A620-8A1FE6CA3DDA}.Release|x86.ActiveCfg = Release|Win32
		{3BA4FFB6-7FBE-4A05-A620-8A1FE6CA3DDA}.Release|x86.Build.0 = Release|Win32
	EndGlobalSection
	GlobalSection(SolutionProperties) = preSolution
		HideSolutionNode = FALSE
	EndGlobalSection
	GlobalSection(ExtensibilityGlobals) = postSolution
		SolutionGuid = {6AA946C6-AD66-42CE-9BBE-4D058DA32F73}
	EndGlobalSection
EndGlobal
